
Microsoft Visual Studio Solution File, Format Version 12.00
# Visual Studio 2012
Project("{FAE04EC0-301F-11D3-BF4B-00C04F79EFBC}") = "ParKP", "ParKP\ParKP.csproj", "{459FC9CB-214C-4CDE-B27F-4CE96700B19D}"
EndProject
Global
	GlobalSection(SolutionConfigurationPlatforms) = preSolution
		Debug|Any CPU = Debug|Any CPU
		Release|Any CPU = Release|Any CPU
	EndGlobalSection
	GlobalSection(ProjectConfigurationPlatforms) = postSolution
		{459FC9CB-214C-4CDE-B27F-4CE96700B19D}.Debug|Any CPU.ActiveCfg = Debug|Any CPU
		{459FC9CB-214C-4CDE-B27F-4CE96700B19D}.Debug|Any CPU.Build.0 = Debug|Any CPU
		{459FC9CB-214C-4CDE-B27F-4CE96700B19D}.Release|Any CPU.ActiveCfg = Release|Any CPU
		{459FC9CB-214C-4CDE-B27F-4CE96700B19D}.Release|Any CPU.Build.0 = Release|Any CPU
	EndGlobalSection
	GlobalSection(SolutionProperties) = preSolution
		HideSolutionNode = FALSE
	EndGlobalSection
EndGlobal
